// !$*UTF8*$!
{
	archiveVersion = 1;
	classes = {
	};
	objectVersion = 55;
	objects = {

/* Begin PBXBuildFile section */
		74D2913F284900F50068CA3E /* LoginAppSwiftUIApp.swift in Sources */ = {isa = PBXBuildFile; fileRef = 74D2913E284900F50068CA3E /* LoginAppSwiftUIApp.swift */; };
		74D29141284900F50068CA3E /* ContentView.swift in Sources */ = {isa = PBXBuildFile; fileRef = 74D29140284900F50068CA3E /* ContentView.swift */; };
		74D29143284900F70068CA3E /* Assets.xcassets in Resources */ = {isa = PBXBuildFile; fileRef = 74D29142284900F70068CA3E /* Assets.xcassets */; };
		74D29146284900F70068CA3E /* Preview Assets.xcassets in Resources */ = {isa = PBXBuildFile; fileRef = 74D29145284900F70068CA3E /* Preview Assets.xcassets */; };
		74D2914D284901120068CA3E /* RegisterView.swift in Sources */ = {isa = PBXBuildFile; fileRef = 74D2914C284901120068CA3E /* RegisterView.swift */; };
		74D2914F284901200068CA3E /* UserManager.swift in Sources */ = {isa = PBXBuildFile; fileRef = 74D2914E284901200068CA3E /* UserManager.swift */; };
		74D29151284901280068CA3E /* StorageManager.swift in Sources */ = {isa = PBXBuildFile; fileRef = 74D29150284901280068CA3E /* StorageManager.swift */; };
		74D29153284910310068CA3E /* OkButton.swift in Sources */ = {isa = PBXBuildFile; fileRef = 74D29152284910310068CA3E /* OkButton.swift */; };
		74D29155284910930068CA3E /* NameTextField.swift in Sources */ = {isa = PBXBuildFile; fileRef = 74D29154284910930068CA3E /* NameTextField.swift */; };
/* End PBXBuildFile section */

/* Begin PBXFileReference section */
		74D2913B284900F50068CA3E /* LoginAppSwiftUI.app */ = {isa = PBXFileReference; explicitFileType = wrapper.application; includeInIndex = 0; path = LoginAppSwiftUI.app; sourceTree = BUILT_PRODUCTS_DIR; };
		74D2913E284900F50068CA3E /* LoginAppSwiftUIApp.swift */ = {isa = PBXFileReference; lastKnownFileType = sourcecode.swift; path = LoginAppSwiftUIApp.swift; sourceTree = "<group>"; };
		74D29140284900F50068CA3E /* ContentView.swift */ = {isa = PBXFileReference; lastKnownFileType = sourcecode.swift; path = ContentView.swift; sourceTree = "<group>"; };
		74D29142284900F70068CA3E /* Assets.xcassets */ = {isa = PBXFileReference; lastKnownFileType = folder.assetcatalog; path = Assets.xcassets; sourceTree = "<group>"; };
		74D29145284900F70068CA3E /* Preview Assets.xcassets */ = {isa = PBXFileReference; lastKnownFileType = folder.assetcatalog; path = "Preview Assets.xcassets"; sourceTree = "<group>"; };
		74D2914C284901120068CA3E /* RegisterView.swift */ = {isa = PBXFileReference; lastKnownFileType = sourcecode.swift; path = RegisterView.swift; sourceTree = "<group>"; };
		74D2914E284901200068CA3E /* UserManager.swift */ = {isa = PBXFileReference; lastKnownFileType = sourcecode.swift; path = UserManager.swift; sourceTree = "<group>"; };
		74D29150284901280068CA3E /* StorageManager.swift */ = {isa = PBXFileReference; lastKnownFileType = sourcecode.swift; path = StorageManager.swift; sourceTree = "<group>"; };
		74D29152284910310068CA3E /* OkButton.swift */ = {isa = PBXFileReference; lastKnownFileType = sourcecode.swift; path = OkButton.swift; sourceTree = "<group>"; };
		74D29154284910930068CA3E /* NameTextField.swift */ = {isa = PBXFileReference; lastKnownFileType = sourcecode.swift; path = NameTextField.swift; sourceTree = "<group>"; };
/* End PBXFileReference section */

/* Begin PBXFrameworksBuildPhase section */
		74D29138284900F50068CA3E /* Frameworks */ = {
			isa = PBXFrameworksBuildPhase;
			buildActionMask = 2147483647;
			files = (
			);
			runOnlyForDeploymentPostprocessing = 0;
		};
/* End PBXFrameworksBuildPhase section */

/* Begin PBXGroup section */
		74D29132284900F50068CA3E = {
			isa = PBXGroup;
			children = (
				74D2913D284900F50068CA3E /* LoginAppSwiftUI */,
				74D2913C284900F50068CA3E /* Products */,
			);
			sourceTree = "<group>";
		};
		74D2913C284900F50068CA3E /* Products */ = {
			isa = PBXGroup;
			children = (
				74D2913B284900F50068CA3E /* LoginAppSwiftUI.app */,
			);
			name = Products;
			sourceTree = "<group>";
		};
		74D2913D284900F50068CA3E /* LoginAppSwiftUI */ = {
			isa = PBXGroup;
			children = (
				74D2913E284900F50068CA3E /* LoginAppSwiftUIApp.swift */,
				74D29140284900F50068CA3E /* ContentView.swift */,
				74D2914C284901120068CA3E /* RegisterView.swift */,
				74D29154284910930068CA3E /* NameTextField.swift */,
				74D29152284910310068CA3E /* OkButton.swift */,
				74D2914E284901200068CA3E /* UserManager.swift */,
				74D29150284901280068CA3E /* StorageManager.swift */,
				74D29142284900F70068CA3E /* Assets.xcassets */,
				74D29144284900F70068CA3E /* Preview Content */,
			);
			path = LoginAppSwiftUI;
			sourceTree = "<group>";
		};
		74D29144284900F70068CA3E /* Preview Content */ = {
			isa = PBXGroup;
			children = (
				74D29145284900F70068CA3E /* Preview Assets.xcassets */,
			);
			path = "Preview Content";
			sourceTree = "<group>";
		};
/* End PBXGroup section */

/* Begin PBXNativeTarget section */
		74D2913A284900F50068CA3E /* LoginAppSwiftUI */ = {
			isa = PBXNativeTarget;
			buildConfigurationList = 74D29149284900F70068CA3E /* Build configuration list for PBXNativeTarget "LoginAppSwiftUI" */;
			buildPhases = (
				74D29137284900F50068CA3E /* Sources */,
				74D29138284900F50068CA3E /* Frameworks */,
				74D29139284900F50068CA3E /* Resources */,
			);
			buildRules = (
			);
			dependencies = (
			);
			name = LoginAppSwiftUI;
			productName = LoginAppSwiftUI;
			productReference = 74D2913B284900F50068CA3E /* LoginAppSwiftUI.app */;
			productType = "com.apple.product-type.application";
		};
/* End PBXNativeTarget section */

/* Begin PBXProject section */
		74D29133284900F50068CA3E /* Project object */ = {
			isa = PBXProject;
			attributes = {
				BuildIndependentTargetsInParallel = 1;
				LastSwiftUpdateCheck = 1340;
				LastUpgradeCheck = 1340;
				TargetAttributes = {
					74D2913A284900F50068CA3E = {
						CreatedOnToolsVersion = 13.4;
					};
				};
			};
			buildConfigurationList = 74D29136284900F50068CA3E /* Build configuration list for PBXProject "LoginAppSwiftUI" */;
			compatibilityVersion = "Xcode 13.0";
			developmentRegion = en;
			hasScannedForEncodings = 0;
			knownRegions = (
				en,
				Base,
			);
			mainGroup = 74D29132284900F50068CA3E;
			productRefGroup = 74D2913C284900F50068CA3E /* Products */;
			projectDirPath = "";
			projectRoot = "";
			targets = (
				74D2913A284900F50068CA3E /* LoginAppSwiftUI */,
			);
		};
/* End PBXProject section */

/* Begin PBXResourcesBuildPhase section */
		74D29139284900F50068CA3E /* Resources */ = {
			isa = PBXResourcesBuildPhase;
			buildActionMask = 2147483647;
			files = (
				74D29146284900F70068CA3E /* Preview Assets.xcassets in Resources */,
				74D29143284900F70068CA3E /* Assets.xcassets in Resources */,
			);
			runOnlyForDeploymentPostprocessing = 0;
		};
/* End PBXResourcesBuildPhase section */

/* Begin PBXSourcesBuildPhase section */
		74D29137284900F50068CA3E /* Sources */ = {
			isa = PBXSourcesBuildPhase;
			buildActionMask = 2147483647;
			files = (
				74D2914D284901120068CA3E /* RegisterView.swift in Sources */,
				74D29141284900F50068CA3E /* ContentView.swift in Sources */,
				74D29151284901280068CA3E /* StorageManager.swift in Sources */,
				74D29155284910930068CA3E /* NameTextField.swift in Sources */,
				74D2914F284901200068CA3E /* UserManager.swift in Sources */,
				74D2913F284900F50068CA3E /* LoginAppSwiftUIApp.swift in Sources */,
				74D29153284910310068CA3E /* OkButton.swift in Sources */,
			);
			runOnlyForDeploymentPostprocessing = 0;
		};
/* End PBXSourcesBuildPhase section */

/* Begin XCBuildConfiguration section */
		74D29147284900F70068CA3E /* Debug */ = {
			isa = XCBuildConfiguration;
			buildSettings = {
				ALWAYS_SEARCH_USER_PATHS = NO;
				CLANG_ANALYZER_NONNULL = YES;
				CLANG_ANALYZER_NUMBER_OBJECT_CONVERSION = YES_AGGRESSIVE;
				CLANG_CXX_LANGUAGE_STANDARD = "gnu++17";
				CLANG_ENABLE_MODULES = YES;
				CLANG_ENABLE_OBJC_ARC = YES;
				CLANG_ENABLE_OBJC_WEAK = YES;
				CLANG_WARN_BLOCK_CAPTURE_AUTORELEASING = YES;
				CLANG_WARN_BOOL_CONVERSION = YES;
				CLANG_WARN_COMMA = YES;
				CLANG_WARN_CONSTANT_CONVERSION = YES;
				CLANG_WARN_DEPRECATED_OBJC_IMPLEMENTATIONS = YES;
				CLANG_WARN_DIRECT_OBJC_ISA_USAGE = YES_ERROR;
				CLANG_WARN_DOCUMENTATION_COMMENTS = YES;
				CLANG_WARN_EMPTY_BODY = YES;
				CLANG_WARN_ENUM_CONVERSION = YES;
				CLANG_WARN_INFINITE_RECURSION = YES;
				CLANG_WARN_INT_CONVERSION = YES;
				CLANG_WARN_NON_LITERAL_NULL_CONVERSION = YES;
				CLANG_WARN_OBJC_IMPLICIT_RETAIN_SELF = YES;
				CLANG_WARN_OBJC_LITERAL_CONVERSION = YES;
				CLANG_WARN_OBJC_ROOT_CLASS = YES_ERROR;
				CLANG_WARN_QUOTED_INCLUDE_IN_FRAMEWORK_HEADER = YES;
				CLANG_WARN_RANGE_LOOP_ANALYSIS = YES;
				CLANG_WARN_STRICT_PROTOTYPES = YES;
				CLANG_WARN_SUSPICIOUS_MOVE = YES;
				CLANG_WARN_UNGUARDED_AVAILABILITY = YES_AGGRESSIVE;
				CLANG_WARN_UNREACHABLE_CODE = YES;
				CLANG_WARN__DUPLICATE_METHOD_MATCH = YES;
				COPY_PHASE_STRIP = NO;
				DEBUG_INFORMATION_FORMAT = dwarf;
				ENABLE_STRICT_OBJC_MSGSEND = YES;
				ENABLE_TESTABILITY = YES;
				GCC_C_LANGUAGE_STANDARD = gnu11;
				GCC_DYNAMIC_NO_PIC = NO;
				GCC_NO_COMMON_BLOCKS = YES;
				GCC_OPTIMIZATION_LEVEL = 0;
				GCC_PREPROCESSOR_DEFINITIONS = (
					"DEBUG=1",
					"$(inherited)",
				);
				GCC_WARN_64_TO_32_BIT_CONVERSION = YES;
				GCC_WARN_ABOUT_RETURN_TYPE = YES_ERROR;
				GCC_WARN_UNDECLARED_SELECTOR = YES;
				GCC_WARN_UNINITIALIZED_AUTOS = YES_AGGRESSIVE;
				GCC_WARN_UNUSED_FUNCTION = YES;
				GCC_WARN_UNUSED_VARIABLE = YES;
				IPHONEOS_DEPLOYMENT_TARGET = 15.5;
				MTL_ENABLE_DEBUG_INFO = INCLUDE_SOURCE;
				MTL_FAST_MATH = YES;
				ONLY_ACTIVE_ARCH = YES;
				SDKROOT = iphoneos;
				SWIFT_ACTIVE_COMPILATION_CONDITIONS = DEBUG;
				SWIFT_OPTIMIZATION_LEVEL = "-Onone";
			};
			name = Debug;
		};
		74D29148284900F70068CA3E /* Release */ = {
			isa = XCBuildConfiguration;
			buildSettings = {
				ALWAYS_SEARCH_USER_PATHS = NO;
				CLANG_ANALYZER_NONNULL = YES;
				CLANG_ANALYZER_NUMBER_OBJECT_CONVERSION = YES_AGGRESSIVE;
				CLANG_CXX_LANGUAGE_STANDARD = "gnu++17";
				CLANG_ENABLE_MODULES = YES;
				CLANG_ENABLE_OBJC_ARC = YES;
				CLANG_ENABLE_OBJC_WEAK = YES;
				CLANG_WARN_BLOCK_CAPTURE_AUTORELEASING = YES;
				CLANG_WARN_BOOL_CONVERSION = YES;
				CLANG_WARN_COMMA = YES;
				CLANG_WARN_CONSTANT_CONVERSION = YES;
				CLANG_WARN_DEPRECATED_OBJC_IMPLEMENTATIONS = YES;
				CLANG_WARN_DIRECT_OBJC_ISA_USAGE = YES_ERROR;
				CLANG_WARN_DOCUMENTATION_COMMENTS = YES;
				CLANG_WARN_EMPTY_BODY = YES;
				CLANG_WARN_ENUM_CONVERSION = YES;
				CLANG_WARN_INFINITE_RECURSION = YES;
				CLANG_WARN_INT_CONVERSION = YES;
				CLANG_WARN_NON_LITERAL_NULL_CONVERSION = YES;
				CLANG_WARN_OBJC_IMPLICIT_RETAIN_SELF = YES;
				CLANG_WARN_OBJC_LITERAL_CONVERSION = YES;
				CLANG_WARN_OBJC_ROOT_CLASS = YES_ERROR;
				CLANG_WARN_QUOTED_INCLUDE_IN_FRAMEWORK_HEADER = YES;
				CLANG_WARN_RANGE_LOOP_ANALYSIS = YES;
				CLANG_WARN_STRICT_PROTOTYPES = YES;
				CLANG_WARN_SUSPICIOUS_MOVE = YES;
				CLANG_WARN_UNGUARDED_AVAILABILITY = YES_AGGRESSIVE;
				CLANG_WARN_UNREACHABLE_CODE = YES;
				CLANG_WARN__DUPLICATE_METHOD_MATCH = YES;
				COPY_PHASE_STRIP = NO;
				DEBUG_INFORMATION_FORMAT = "dwarf-with-dsym";
				ENABLE_NS_ASSERTIONS = NO;
				ENABLE_STRICT_OBJC_MSGSEND = YES;
				GCC_C_LANGUAGE_STANDARD = gnu11;
				GCC_NO_COMMON_BLOCKS = YES;
				GCC_WARN_64_TO_32_BIT_CONVERSION = YES;
				GCC_WARN_ABOUT_RETURN_TYPE = YES_ERROR;
				GCC_WARN_UNDECLARED_SELECTOR = YES;
				GCC_WARN_UNINITIALIZED_AUTOS = YES_AGGRESSIVE;
				GCC_WARN_UNUSED_FUNCTION = YES;
				GCC_WARN_UNUSED_VARIABLE = YES;
				IPHONEOS_DEPLOYMENT_TARGET = 15.5;
				MTL_ENABLE_DEBUG_INFO = NO;
				MTL_FAST_MATH = YES;
				SDKROOT = iphoneos;
				SWIFT_COMPILATION_MODE = wholemodule;
				SWIFT_OPTIMIZATION_LEVEL = "-O";
				VALIDATE_PRODUCT = YES;
			};
			name = Release;
		};
		74D2914A284900F70068CA3E /* Debug */ = {
			isa = XCBuildConfiguration;
			buildSettings = {
				ASSETCATALOG_COMPILER_APPICON_NAME = AppIcon;
				ASSETCATALOG_COMPILER_GLOBAL_ACCENT_COLOR_NAME = AccentColor;
				CODE_SIGN_STYLE = Automatic;
				CURRENT_PROJECT_VERSION = 1;
				DEVELOPMENT_ASSET_PATHS = "\"LoginAppSwiftUI/Preview Content\"";
				DEVELOPMENT_TEAM = L4399QB5BK;
				ENABLE_PREVIEWS = YES;
				GENERATE_INFOPLIST_FILE = YES;
				INFOPLIST_KEY_UIApplicationSceneManifest_Generation = YES;
				INFOPLIST_KEY_UIApplicationSupportsIndirectInputEvents = YES;
				INFOPLIST_KEY_UILaunchScreen_Generation = YES;
				INFOPLIST_KEY_UISupportedInterfaceOrientations_iPad = "UIInterfaceOrientationPortrait UIInterfaceOrientationPortraitUpsideDown UIInterfaceOrientationLandscapeLeft UIInterfaceOrientationLandscapeRight";
				INFOPLIST_KEY_UISupportedInterfaceOrientations_iPhone = "UIInterfaceOrientationPortrait UIInterfaceOrientationLandscapeLeft UIInterfaceOrientationLandscapeRight";
				LD_RUNPATH_SEARCH_PATHS = (
					"$(inherited)",
					"@executable_path/Frameworks",
				);
				MARKETING_VERSION = 1.0;
				PRODUCT_BUNDLE_IDENTIFIER = ru.vasiliiPoltorak.LoginAppSwiftUI;
				PRODUCT_NAME = "$(TARGET_NAME)";
				SWIFT_EMIT_LOC_STRINGS = YES;
				SWIFT_VERSION = 5.0;
				TARGETED_DEVICE_FAMILY = "1,2";
			};
			name = Debug;
		};
		74D2914B284900F70068CA3E /* Release */ = {
			isa = XCBuildConfiguration;
			buildSettings = {
				ASSETCATALOG_COMPILER_APPICON_NAME = AppIcon;
				ASSETCATALOG_COMPILER_GLOBAL_ACCENT_COLOR_NAME = AccentColor;
				CODE_SIGN_STYLE = Automatic;
				CURRENT_PROJECT_VERSION = 1;
				DEVELOPMENT_ASSET_PATHS = "\"LoginAppSwiftUI/Preview Content\"";
				DEVELOPMENT_TEAM = L4399QB5BK;
				ENABLE_PREVIEWS = YES;
				GENERATE_INFOPLIST_FILE = YES;
				INFOPLIST_KEY_UIApplicationSceneManifest_Generation = YES;
				INFOPLIST_KEY_UIApplicationSupportsIndirectInputEvents = YES;
				INFOPLIST_KEY_UILaunchScreen_Generation = YES;
				INFOPLIST_KEY_UISupportedInterfaceOrientations_iPad = "UIInterfaceOrientationPortrait UIInterfaceOrientationPortraitUpsideDown UIInterfaceOrientationLandscapeLeft UIInterfaceOrientationLandscapeRight";
				INFOPLIST_KEY_UISupportedInterfaceOrientations_iPhone = "UIInterfaceOrientationPortrait UIInterfaceOrientationLandscapeLeft UIInterfaceOrientationLandscapeRight";
				LD_RUNPATH_SEARCH_PATHS = (
					"$(inherited)",
					"@executable_path/Frameworks",
				);
				MARKETING_VERSION = 1.0;
				PRODUCT_BUNDLE_IDENTIFIER = ru.vasiliiPoltorak.LoginAppSwiftUI;
				PRODUCT_NAME = "$(TARGET_NAME)";
				SWIFT_EMIT_LOC_STRINGS = YES;
				SWIFT_VERSION = 5.0;
				TARGETED_DEVICE_FAMILY = "1,2";
			};
			name = Release;
		};
/* End XCBuildConfiguration section */

/* Begin XCConfigurationList section */
		74D29136284900F50068CA3E /* Build configuration list for PBXProject "LoginAppSwiftUI" */ = {
			isa = XCConfigurationList;
			buildConfigurations = (
				74D29147284900F70068CA3E /* Debug */,
				74D29148284900F70068CA3E /* Release */,
			);
			defaultConfigurationIsVisible = 0;
			defaultConfigurationName = Release;
		};
		74D29149284900F70068CA3E /* Build configuration list for PBXNativeTarget "LoginAppSwiftUI" */ = {
			isa = XCConfigurationList;
			buildConfigurations = (
				74D2914A284900F70068CA3E /* Debug */,
				74D2914B284900F70068CA3E /* Release */,
			);
			defaultConfigurationIsVisible = 0;
			defaultConfigurationName = Release;
		};
/* End XCConfigurationList section */
	};
	rootObject = 74D29133284900F50068CA3E /* Project object */;
}
